{
  "name": "OabPrev",
  "lockfileVersion": 3,
  "requires": true,
  "packages": {
    "": {
      "dependencies": {
        "caffeinate": "^1.0.1"
      }
    },
    "node_modules/caffeinate": {
      "version": "1.0.1",
      "resolved": "https://registry.npmjs.org/caffeinate/-/caffeinate-1.0.1.tgz",
      "integrity": "sha512-LgBcCix8HIzO0Cvn0vYraVEYRQA8Zf0FDcDfvBV7kNJilxcd0lGS00l4cWaOKgewJBUqIqJ/16ozwe4H/gOIow==",
      "license": "MIT",
      "dependencies": {
        "options-to-args": "^0.0.1"
      }
    },
    "node_modules/options-to-args": {
      "version": "0.0.1",
      "resolved": "https://registry.npmjs.org/options-to-args/-/options-to-args-0.0.1.tgz",
      "integrity": "sha512-VqctSK52PEUWwfSXPuRoErzAKYdqzzp0pOe1c5KHX4v7eQT1qIsZUN6w1yA8Iy6Chi4gRdUKzKaiDQhPWtTvow==",
      "license": "MIT",
      "dependencies": {
        "protostar": "^0.0.1"
      }
    },
    "node_modules/protostar": {
      "version": "0.0.1",
      "resolved": "https://registry.npmjs.org/protostar/-/protostar-0.0.1.tgz",
      "integrity": "sha512-PymgI/nuxB9WkDDeTDTq7gJkotTKmEDU8mR41xJ8jvgeBUt1B9AQpHNXgiMiNBJQS5iFjY4Twt/gqFRrpqvc5A==",
      "license": "MIT"
    }
  }
}
